<Solution>
  <Configurations>
    <Platform Name="Any CPU" />
    <Platform Name="x86" />
  </Configurations>
  <Project Path="MyLibrary/MyLibrary.csproj" />
  <Project Path="SetupProjectWix/SetupProjectWix.wixproj" Id="0c86d6e9-93bf-423d-9e14-27a60b0c9d96">
    <Platform Project="x86" />
    <Build />
  </Project>
</Solution>
